
Microsoft Visual Studio Solution File, Format Version 11.00
# Visual Studio 2010
Project("{FAE04EC0-301F-11D3-BF4B-00C04F79EFBC}") = "Assembly-CSharp", "Assembly-CSharp.csproj", "{4d4f6993-2684-15dc-e73a-24007e8f0faf}"
EndProject
Project("{FAE04EC0-301F-11D3-BF4B-00C04F79EFBC}") = "GoogleMobileAds.Editor", "GoogleMobileAds.Editor.csproj", "{c9d91a78-5478-2f0f-8fde-a2d8ad35db45}"
EndProject
Global
	GlobalSection(SolutionConfigurationPlatforms) = preSolution
		Debug|Any CPU = Debug|Any CPU
	EndGlobalSection
	GlobalSection(ProjectConfigurationPlatforms) = postSolution
		{4d4f6993-2684-15dc-e73a-24007e8f0faf}.Debug|Any CPU.ActiveCfg = Debug|Any CPU
		{4d4f6993-2684-15dc-e73a-24007e8f0faf}.Debug|Any CPU.Build.0 = Debug|Any CPU
		{c9d91a78-5478-2f0f-8fde-a2d8ad35db45}.Debug|Any CPU.ActiveCfg = Debug|Any CPU
		{c9d91a78-5478-2f0f-8fde-a2d8ad35db45}.Debug|Any CPU.Build.0 = Debug|Any CPU
	EndGlobalSection
	GlobalSection(SolutionProperties) = preSolution
		HideSolutionNode = FALSE
	EndGlobalSection
EndGlobal
